
Microsoft Visual Studio Solution File, Format Version 12.00
#
Project("{FAE04EC0-301F-11D3-BF4B-00C04F79EFBC}") = "TwenvService.API", "TwenvService.API\TwenvService.API.csproj", "{79848C85-15A2-46C3-B5E7-01D74AB7403E}"
EndProject
Project("{FAE04EC0-301F-11D3-BF4B-00C04F79EFBC}") = "TwenvService.Domain", "TwenvService.Domain\TwenvService.Domain.csproj", "{ED7374FE-75D9-49F3-868C-1B48FA352853}"
EndProject
Project("{FAE04EC0-301F-11D3-BF4B-00C04F79EFBC}") = "TwenvService.Data", "TwenvService.Data\TwenvService.Data.csproj", "{706A2399-2123-4E58-A11A-429831EAE150}"
EndProject
Project("{FAE04EC0-301F-11D3-BF4B-00C04F79EFBC}") = "TwenvService.Application", "TwenvService.Application\TwenvService.Application.csproj", "{2B96EC10-0230-4488-A0B3-BDDFF1088367}"
EndProject
Global
	GlobalSection(SolutionConfigurationPlatforms) = preSolution
		Debug|Any CPU = Debug|Any CPU
		Release|Any CPU = Release|Any CPU
	EndGlobalSection
	GlobalSection(ProjectConfigurationPlatforms) = postSolution
		{79848C85-15A2-46C3-B5E7-01D74AB7403E}.Debug|Any CPU.ActiveCfg = Debug|Any CPU
		{79848C85-15A2-46C3-B5E7-01D74AB7403E}.Debug|Any CPU.Build.0 = Debug|Any CPU
		{79848C85-15A2-46C3-B5E7-01D74AB7403E}.Release|Any CPU.ActiveCfg = Release|Any CPU
		{79848C85-15A2-46C3-B5E7-01D74AB7403E}.Release|Any CPU.Build.0 = Release|Any CPU
		{ED7374FE-75D9-49F3-868C-1B48FA352853}.Debug|Any CPU.ActiveCfg = Debug|Any CPU
		{ED7374FE-75D9-49F3-868C-1B48FA352853}.Debug|Any CPU.Build.0 = Debug|Any CPU
		{ED7374FE-75D9-49F3-868C-1B48FA352853}.Release|Any CPU.ActiveCfg = Release|Any CPU
		{ED7374FE-75D9-49F3-868C-1B48FA352853}.Release|Any CPU.Build.0 = Release|Any CPU
		{706A2399-2123-4E58-A11A-429831EAE150}.Debug|Any CPU.ActiveCfg = Debug|Any CPU
		{706A2399-2123-4E58-A11A-429831EAE150}.Debug|Any CPU.Build.0 = Debug|Any CPU
		{706A2399-2123-4E58-A11A-429831EAE150}.Release|Any CPU.ActiveCfg = Release|Any CPU
		{706A2399-2123-4E58-A11A-429831EAE150}.Release|Any CPU.Build.0 = Release|Any CPU
		{2B96EC10-0230-4488-A0B3-BDDFF1088367}.Debug|Any CPU.ActiveCfg = Debug|Any CPU
		{2B96EC10-0230-4488-A0B3-BDDFF1088367}.Debug|Any CPU.Build.0 = Debug|Any CPU
		{2B96EC10-0230-4488-A0B3-BDDFF1088367}.Release|Any CPU.ActiveCfg = Release|Any CPU
		{2B96EC10-0230-4488-A0B3-BDDFF1088367}.Release|Any CPU.Build.0 = Release|Any CPU
	EndGlobalSection
EndGlobal
